
Microsoft Visual Studio Solution File, Format Version 12.00
# Visual Studio Version 17
VisualStudioVersion = 17.0.31903.59
MinimumVisualStudioVersion = 10.0.40219.1
Project("{2150E333-8FDC-42A3-9474-1A3956D46DE8}") = "Core", "Core", "{320A9EAE-5180-4CBF-8CDC-B4D6A901B0E7}"
EndProject
Project("{FAE04EC0-301F-11D3-BF4B-00C04F79EFBC}") = "Ypdf.Core", "Core\Ypdf.Core\Ypdf.Core.csproj", "{E8710C60-8C0B-418A-B095-72980A937448}"
EndProject
Project("{FAE04EC0-301F-11D3-BF4B-00C04F79EFBC}") = "Ypdf.FileSystem", "Core\Ypdf.FileSystem\Ypdf.FileSystem.csproj", "{77D32E00-B5EB-4A9F-BCB4-F56438C0A794}"
EndProject
Project("{2150E333-8FDC-42A3-9474-1A3956D46DE8}") = "Config", "Config", "{BA705EF7-583C-4800-BF5C-BFA38D4B29BE}"
EndProject
Project("{FAE04EC0-301F-11D3-BF4B-00C04F79EFBC}") = "Ypdf.Paths", "Config\Ypdf.Paths\Ypdf.Paths.csproj", "{88CA278A-17E2-42DE-B282-7365FF9FF28B}"
EndProject
Project("{FAE04EC0-301F-11D3-BF4B-00C04F79EFBC}") = "Ypdf.Runtime", "Core\Ypdf.Runtime\Ypdf.Runtime.csproj", "{3B18FF34-E8E3-4A18-BC49-485689E2E58C}"
EndProject
Global
	GlobalSection(SolutionConfigurationPlatforms) = preSolution
		Debug|Any CPU = Debug|Any CPU
		Release|Any CPU = Release|Any CPU
	EndGlobalSection
	GlobalSection(SolutionProperties) = preSolution
		HideSolutionNode = FALSE
	EndGlobalSection
	GlobalSection(ProjectConfigurationPlatforms) = postSolution
		{E8710C60-8C0B-418A-B095-72980A937448}.Debug|Any CPU.ActiveCfg = Debug|Any CPU
		{E8710C60-8C0B-418A-B095-72980A937448}.Debug|Any CPU.Build.0 = Debug|Any CPU
		{E8710C60-8C0B-418A-B095-72980A937448}.Release|Any CPU.ActiveCfg = Release|Any CPU
		{E8710C60-8C0B-418A-B095-72980A937448}.Release|Any CPU.Build.0 = Release|Any CPU
		{77D32E00-B5EB-4A9F-BCB4-F56438C0A794}.Debug|Any CPU.ActiveCfg = Debug|Any CPU
		{77D32E00-B5EB-4A9F-BCB4-F56438C0A794}.Debug|Any CPU.Build.0 = Debug|Any CPU
		{77D32E00-B5EB-4A9F-BCB4-F56438C0A794}.Release|Any CPU.ActiveCfg = Release|Any CPU
		{77D32E00-B5EB-4A9F-BCB4-F56438C0A794}.Release|Any CPU.Build.0 = Release|Any CPU
		{88CA278A-17E2-42DE-B282-7365FF9FF28B}.Debug|Any CPU.ActiveCfg = Debug|Any CPU
		{88CA278A-17E2-42DE-B282-7365FF9FF28B}.Debug|Any CPU.Build.0 = Debug|Any CPU
		{88CA278A-17E2-42DE-B282-7365FF9FF28B}.Release|Any CPU.ActiveCfg = Release|Any CPU
		{88CA278A-17E2-42DE-B282-7365FF9FF28B}.Release|Any CPU.Build.0 = Release|Any CPU
		{3B18FF34-E8E3-4A18-BC49-485689E2E58C}.Debug|Any CPU.ActiveCfg = Debug|Any CPU
		{3B18FF34-E8E3-4A18-BC49-485689E2E58C}.Debug|Any CPU.Build.0 = Debug|Any CPU
		{3B18FF34-E8E3-4A18-BC49-485689E2E58C}.Release|Any CPU.ActiveCfg = Release|Any CPU
		{3B18FF34-E8E3-4A18-BC49-485689E2E58C}.Release|Any CPU.Build.0 = Release|Any CPU
	EndGlobalSection
	GlobalSection(NestedProjects) = preSolution
		{E8710C60-8C0B-418A-B095-72980A937448} = {320A9EAE-5180-4CBF-8CDC-B4D6A901B0E7}
		{77D32E00-B5EB-4A9F-BCB4-F56438C0A794} = {320A9EAE-5180-4CBF-8CDC-B4D6A901B0E7}
		{88CA278A-17E2-42DE-B282-7365FF9FF28B} = {BA705EF7-583C-4800-BF5C-BFA38D4B29BE}
		{3B18FF34-E8E3-4A18-BC49-485689E2E58C} = {320A9EAE-5180-4CBF-8CDC-B4D6A901B0E7}
	EndGlobalSection
EndGlobal
